
Microsoft Visual Studio Solution File, Format Version 12.00
# Visual Studio Version 17
VisualStudioVersion = 17.4.33205.214
MinimumVisualStudioVersion = 10.0.40219.1
Project("{FAE04EC0-301F-11D3-BF4B-00C04F79EFBC}") = "WebApp", "WebApp\WebApp.csproj", "{AD50CAE4-A7E9-4AED-BC13-F892F4243A1D}"
EndProject
Global
	GlobalSection(SolutionConfigurationPlatforms) = preSolution
		Debug|Any CPU = Debug|Any CPU
		Release|Any CPU = Release|Any CPU
	EndGlobalSection
	GlobalSection(ProjectConfigurationPlatforms) = postSolution
		{AD50CAE4-A7E9-4AED-BC13-F892F4243A1D}.Debug|Any CPU.ActiveCfg = Debug|Any CPU
		{AD50CAE4-A7E9-4AED-BC13-F892F4243A1D}.Debug|Any CPU.Build.0 = Debug|Any CPU
		{AD50CAE4-A7E9-4AED-BC13-F892F4243A1D}.Release|Any CPU.ActiveCfg = Release|Any CPU
		{AD50CAE4-A7E9-4AED-BC13-F892F4243A1D}.Release|Any CPU.Build.0 = Release|Any CPU
	EndGlobalSection
	GlobalSection(SolutionProperties) = preSolution
		HideSolutionNode = FALSE
	EndGlobalSection
	GlobalSection(ExtensibilityGlobals) = postSolution
		SolutionGuid = {3EC5BE37-6D90-4DA9-B962-885894453182}
	EndGlobalSection
EndGlobal
